
Microsoft Visual Studio Solution File, Format Version 12.00
# Visual Studio Version 16
VisualStudioVersion = 16.0.31205.134
MinimumVisualStudioVersion = 10.0.40219.1
Project("{FAE04EC0-301F-11D3-BF4B-00C04F79EFBC}") = "S2MaldonadoMarilyn.Android", "S2MaldonadoMarilyn\S2MaldonadoMarilyn.Android\S2MaldonadoMarilyn.Android.csproj", "{1B4F4634-CD4B-4002-B5F2-6A7FA74E593D}"
EndProject
Project("{FAE04EC0-301F-11D3-BF4B-00C04F79EFBC}") = "S2MaldonadoMarilyn.iOS", "S2MaldonadoMarilyn\S2MaldonadoMarilyn.iOS\S2MaldonadoMarilyn.iOS.csproj", "{278C6EF7-2FD6-42EB-8F91-2713DA73E4A7}"
EndProject
Project("{FAE04EC0-301F-11D3-BF4B-00C04F79EFBC}") = "S2MaldonadoMarilyn", "S2MaldonadoMarilyn\S2MaldonadoMarilyn\S2MaldonadoMarilyn.csproj", "{0CC1F72F-384F-4E0C-A00D-040D4E9197DC}"
EndProject
Global
	GlobalSection(SolutionConfigurationPlatforms) = preSolution
		Debug|Any CPU = Debug|Any CPU
		Debug|iPhone = Debug|iPhone
		Debug|iPhoneSimulator = Debug|iPhoneSimulator
		Release|Any CPU = Release|Any CPU
		Release|iPhone = Release|iPhone
		Release|iPhoneSimulator = Release|iPhoneSimulator
	EndGlobalSection
	GlobalSection(ProjectConfigurationPlatforms) = postSolution
		{1B4F4634-CD4B-4002-B5F2-6A7FA74E593D}.Debug|Any CPU.ActiveCfg = Debug|Any CPU
		{1B4F4634-CD4B-4002-B5F2-6A7FA74E593D}.Debug|Any CPU.Build.0 = Debug|Any CPU
		{1B4F4634-CD4B-4002-B5F2-6A7FA74E593D}.Debug|Any CPU.Deploy.0 = Debug|Any CPU
		{1B4F4634-CD4B-4002-B5F2-6A7FA74E593D}.Debug|iPhone.ActiveCfg = Debug|Any CPU
		{1B4F4634-CD4B-4002-B5F2-6A7FA74E593D}.Debug|iPhone.Build.0 = Debug|Any CPU
		{1B4F4634-CD4B-4002-B5F2-6A7FA74E593D}.Debug|iPhone.Deploy.0 = Debug|Any CPU
		{1B4F4634-CD4B-4002-B5F2-6A7FA74E593D}.Debug|iPhoneSimulator.ActiveCfg = Debug|Any CPU
		{1B4F4634-CD4B-4002-B5F2-6A7FA74E593D}.Debug|iPhoneSimulator.Build.0 = Debug|Any CPU
		{1B4F4634-CD4B-4002-B5F2-6A7FA74E593D}.Debug|iPhoneSimulator.Deploy.0 = Debug|Any CPU
		{1B4F4634-CD4B-4002-B5F2-6A7FA74E593D}.Release|Any CPU.ActiveCfg = Release|Any CPU
		{1B4F4634-CD4B-4002-B5F2-6A7FA74E593D}.Release|Any CPU.Build.0 = Release|Any CPU
		{1B4F4634-CD4B-4002-B5F2-6A7FA74E593D}.Release|Any CPU.Deploy.0 = Release|Any CPU
		{1B4F4634-CD4B-4002-B5F2-6A7FA74E593D}.Release|iPhone.ActiveCfg = Release|Any CPU
		{1B4F4634-CD4B-4002-B5F2-6A7FA74E593D}.Release|iPhone.Build.0 = Release|Any CPU
		{1B4F4634-CD4B-4002-B5F2-6A7FA74E593D}.Release|iPhone.Deploy.0 = Release|Any CPU
		{1B4F4634-CD4B-4002-B5F2-6A7FA74E593D}.Release|iPhoneSimulator.ActiveCfg = Release|Any CPU
		{1B4F4634-CD4B-4002-B5F2-6A7FA74E593D}.Release|iPhoneSimulator.Build.0 = Release|Any CPU
		{1B4F4634-CD4B-4002-B5F2-6A7FA74E593D}.Release|iPhoneSimulator.Deploy.0 = Release|Any CPU
		{278C6EF7-2FD6-42EB-8F91-2713DA73E4A7}.Debug|Any CPU.ActiveCfg = Debug|iPhone
		{278C6EF7-2FD6-42EB-8F91-2713DA73E4A7}.Debug|Any CPU.Build.0 = Debug|iPhone
		{278C6EF7-2FD6-42EB-8F91-2713DA73E4A7}.Debug|Any CPU.Deploy.0 = Debug|iPhone
		{278C6EF7-2FD6-42EB-8F91-2713DA73E4A7}.Debug|iPhone.ActiveCfg = Debug|iPhone
		{278C6EF7-2FD6-42EB-8F91-2713DA73E4A7}.Debug|iPhone.Build.0 = Debug|iPhone
		{278C6EF7-2FD6-42EB-8F91-2713DA73E4A7}.Debug|iPhone.Deploy.0 = Debug|iPhone
		{278C6EF7-2FD6-42EB-8F91-2713DA73E4A7}.Debug|iPhoneSimulator.ActiveCfg = Debug|iPhoneSimulator
		{278C6EF7-2FD6-42EB-8F91-2713DA73E4A7}.Debug|iPhoneSimulator.Build.0 = Debug|iPhoneSimulator
		{278C6EF7-2FD6-42EB-8F91-2713DA73E4A7}.Debug|iPhoneSimulator.Deploy.0 = Debug|iPhoneSimulator
		{278C6EF7-2FD6-42EB-8F91-2713DA73E4A7}.Release|Any CPU.ActiveCfg = Release|iPhoneSimulator
		{278C6EF7-2FD6-42EB-8F91-2713DA73E4A7}.Release|Any CPU.Build.0 = Release|iPhoneSimulator
		{278C6EF7-2FD6-42EB-8F91-2713DA73E4A7}.Release|Any CPU.Deploy.0 = Release|iPhoneSimulator
		{278C6EF7-2FD6-42EB-8F91-2713DA73E4A7}.Release|iPhone.ActiveCfg = Release|iPhone
		{278C6EF7-2FD6-42EB-8F91-2713DA73E4A7}.Release|iPhone.Build.0 = Release|iPhone
		{278C6EF7-2FD6-42EB-8F91-2713DA73E4A7}.Release|iPhone.Deploy.0 = Release|iPhone
		{278C6EF7-2FD6-42EB-8F91-2713DA73E4A7}.Release|iPhoneSimulator.ActiveCfg = Release|iPhoneSimulator
		{278C6EF7-2FD6-42EB-8F91-2713DA73E4A7}.Release|iPhoneSimulator.Build.0 = Release|iPhoneSimulator
		{278C6EF7-2FD6-42EB-8F91-2713DA73E4A7}.Release|iPhoneSimulator.Deploy.0 = Release|iPhoneSimulator
		{0CC1F72F-384F-4E0C-A00D-040D4E9197DC}.Debug|Any CPU.ActiveCfg = Debug|Any CPU
		{0CC1F72F-384F-4E0C-A00D-040D4E9197DC}.Debug|Any CPU.Build.0 = Debug|Any CPU
		{0CC1F72F-384F-4E0C-A00D-040D4E9197DC}.Debug|Any CPU.Deploy.0 = Debug|Any CPU
		{0CC1F72F-384F-4E0C-A00D-040D4E9197DC}.Debug|iPhone.ActiveCfg = Debug|Any CPU
		{0CC1F72F-384F-4E0C-A00D-040D4E9197DC}.Debug|iPhone.Build.0 = Debug|Any CPU
		{0CC1F72F-384F-4E0C-A00D-040D4E9197DC}.Debug|iPhone.Deploy.0 = Debug|Any CPU
		{0CC1F72F-384F-4E0C-A00D-040D4E9197DC}.Debug|iPhoneSimulator.ActiveCfg = Debug|Any CPU
		{0CC1F72F-384F-4E0C-A00D-040D4E9197DC}.Debug|iPhoneSimulator.Build.0 = Debug|Any CPU
		{0CC1F72F-384F-4E0C-A00D-040D4E9197DC}.Debug|iPhoneSimulator.Deploy.0 = Debug|Any CPU
		{0CC1F72F-384F-4E0C-A00D-040D4E9197DC}.Release|Any CPU.ActiveCfg = Release|Any CPU
		{0CC1F72F-384F-4E0C-A00D-040D4E9197DC}.Release|Any CPU.Build.0 = Release|Any CPU
		{0CC1F72F-384F-4E0C-A00D-040D4E9197DC}.Release|Any CPU.Deploy.0 = Release|Any CPU
		{0CC1F72F-384F-4E0C-A00D-040D4E9197DC}.Release|iPhone.ActiveCfg = Release|Any CPU
		{0CC1F72F-384F-4E0C-A00D-040D4E9197DC}.Release|iPhone.Build.0 = Release|Any CPU
		{0CC1F72F-384F-4E0C-A00D-040D4E9197DC}.Release|iPhone.Deploy.0 = Release|Any CPU
		{0CC1F72F-384F-4E0C-A00D-040D4E9197DC}.Release|iPhoneSimulator.ActiveCfg = Release|Any CPU
		{0CC1F72F-384F-4E0C-A00D-040D4E9197DC}.Release|iPhoneSimulator.Build.0 = Release|Any CPU
		{0CC1F72F-384F-4E0C-A00D-040D4E9197DC}.Release|iPhoneSimulator.Deploy.0 = Release|Any CPU
	EndGlobalSection
	GlobalSection(SolutionProperties) = preSolution
		HideSolutionNode = FALSE
	EndGlobalSection
	GlobalSection(ExtensibilityGlobals) = postSolution
		SolutionGuid = {8C63D317-9BEC-43FA-B048-E6E617C2A832}
	EndGlobalSection
EndGlobal
